
Microsoft Visual Studio Solution File, Format Version 12.00
# Visual Studio Version 17
VisualStudioVersion = 17.0.32112.339
MinimumVisualStudioVersion = 10.0.40219.1
Project("{9A19103F-16F7-4668-BE54-9A1E7A4F7556}") = "task1", "task1\task1.csproj", "{FE2ABEFC-8169-464E-B975-6ABA21F6C300}"
EndProject
Project("{2150E333-8FDC-42A3-9474-1A3956D46DE8}") = "Solution Items", "Solution Items", "{486BEC14-9F89-4BA1-AD80-E5DBF4E611B5}"
	ProjectSection(SolutionItems) = preProject
		.editorconfig = .editorconfig
	EndProjectSection
EndProject
Project("{9A19103F-16F7-4668-BE54-9A1E7A4F7556}") = "task4(logging in)", "task4(logging in)\task4(logging in).csproj", "{DFA56D7F-8194-4CAE-B28F-FB1256C49223}"
EndProject
Project("{FAE04EC0-301F-11D3-BF4B-00C04F79EFBC}") = "task3(authentication)", "task3(authentication)\task3(authentication).csproj", "{2494E863-FA4D-47CF-ADB3-8CD93BEAC333}"
EndProject
Project("{FAE04EC0-301F-11D3-BF4B-00C04F79EFBC}") = "task2(password_by_hash)", "task2(password_by_hash)\task2(password_by_hash).csproj", "{142577EF-FF6C-462C-9BC8-B6F7527D6A17}"
EndProject
Global
	GlobalSection(SolutionConfigurationPlatforms) = preSolution
		Debug|Any CPU = Debug|Any CPU
		Release|Any CPU = Release|Any CPU
	EndGlobalSection
	GlobalSection(ProjectConfigurationPlatforms) = postSolution
		{FE2ABEFC-8169-464E-B975-6ABA21F6C300}.Debug|Any CPU.ActiveCfg = Debug|Any CPU
		{FE2ABEFC-8169-464E-B975-6ABA21F6C300}.Debug|Any CPU.Build.0 = Debug|Any CPU
		{FE2ABEFC-8169-464E-B975-6ABA21F6C300}.Release|Any CPU.ActiveCfg = Release|Any CPU
		{FE2ABEFC-8169-464E-B975-6ABA21F6C300}.Release|Any CPU.Build.0 = Release|Any CPU
		{DFA56D7F-8194-4CAE-B28F-FB1256C49223}.Debug|Any CPU.ActiveCfg = Debug|Any CPU
		{DFA56D7F-8194-4CAE-B28F-FB1256C49223}.Debug|Any CPU.Build.0 = Debug|Any CPU
		{DFA56D7F-8194-4CAE-B28F-FB1256C49223}.Release|Any CPU.ActiveCfg = Release|Any CPU
		{DFA56D7F-8194-4CAE-B28F-FB1256C49223}.Release|Any CPU.Build.0 = Release|Any CPU
		{2494E863-FA4D-47CF-ADB3-8CD93BEAC333}.Debug|Any CPU.ActiveCfg = Debug|Any CPU
		{2494E863-FA4D-47CF-ADB3-8CD93BEAC333}.Debug|Any CPU.Build.0 = Debug|Any CPU
		{2494E863-FA4D-47CF-ADB3-8CD93BEAC333}.Release|Any CPU.ActiveCfg = Release|Any CPU
		{2494E863-FA4D-47CF-ADB3-8CD93BEAC333}.Release|Any CPU.Build.0 = Release|Any CPU
		{142577EF-FF6C-462C-9BC8-B6F7527D6A17}.Debug|Any CPU.ActiveCfg = Debug|Any CPU
		{142577EF-FF6C-462C-9BC8-B6F7527D6A17}.Debug|Any CPU.Build.0 = Debug|Any CPU
		{142577EF-FF6C-462C-9BC8-B6F7527D6A17}.Release|Any CPU.ActiveCfg = Release|Any CPU
		{142577EF-FF6C-462C-9BC8-B6F7527D6A17}.Release|Any CPU.Build.0 = Release|Any CPU
	EndGlobalSection
	GlobalSection(SolutionProperties) = preSolution
		HideSolutionNode = FALSE
	EndGlobalSection
	GlobalSection(ExtensibilityGlobals) = postSolution
		SolutionGuid = {07A50620-0769-46B3-B3EB-1FA4090E2D02}
	EndGlobalSection
EndGlobal
